
Microsoft Visual Studio Solution File, Format Version 12.00
# Visual Studio 15
VisualStudioVersion = 15.0.28307.1300
MinimumVisualStudioVersion = 10.0.40219.1
Project("{FAE04EC0-301F-11D3-BF4B-00C04F79EFBC}") = "ORD_Helper", "ORD_Helper\ORD_Helper.csproj", "{17DEF6E5-32DC-4546-B2D9-FD65236E3E1B}"
EndProject
Project("{FAE04EC0-301F-11D3-BF4B-00C04F79EFBC}") = "ORD_MainView", "ORD_MainView\ORD_MainView.csproj", "{55AD9128-E981-4DF8-BA7C-677872EFAF30}"
EndProject
Project("{FAE04EC0-301F-11D3-BF4B-00C04F79EFBC}") = "ORD_SettingView", "ORD_SettingView\ORD_SettingView.csproj", "{8C45F36C-8837-49EB-B9B5-501EC4BC602C}"
EndProject
Project("{FAE04EC0-301F-11D3-BF4B-00C04F79EFBC}") = "ORD_SettingView_SettingList", "ORD_SettingView_List\ORD_SettingView_SettingList.csproj", "{1808F45B-D296-4C0C-A5B7-1C11A8C86E4A}"
EndProject
Project("{2150E333-8FDC-42A3-9474-1A3956D46DE8}") = "Solution", "Solution", "{68D74B50-42BB-45B9-927A-EC6CC779B1A9}"
EndProject
Project("{2150E333-8FDC-42A3-9474-1A3956D46DE8}") = "ORD_View", "ORD_View", "{C2FA0C9D-A1A8-43B3-A3FE-0BE67E104EDC}"
EndProject
Project("{2150E333-8FDC-42A3-9474-1A3956D46DE8}") = "ORD_SettingView_Control", "ORD_SettingView_Control", "{7FDAEF01-4D9F-46BA-AB5E-529FB35582D9}"
EndProject
Project("{FAE04EC0-301F-11D3-BF4B-00C04F79EFBC}") = "ORD_SettingView_UnitSetting", "ORD_SettingView_SettingListView\ORD_SettingView_UnitSetting.csproj", "{C6C7B866-2F0D-432F-9FA5-11B7E7A67BD2}"
EndProject
Project("{FAE04EC0-301F-11D3-BF4B-00C04F79EFBC}") = "ORD_SettingView_UnitAddressSetting", "ORD_SettingView_UnitDebug\ORD_SettingView_UnitAddressSetting.csproj", "{B000D889-7F9C-4055-9951-41754B90A355}"
EndProject
Project("{8BC9CEB8-8B4A-11D0-8D11-00A0C91BC942}") = "ORD_Helper_Data", "ORD_Helper_Data\ORD_Helper_Data.vcxproj", "{C8B7C15C-1482-4F24-ACA8-8CF8A548FEB4}"
EndProject
Project("{2150E333-8FDC-42A3-9474-1A3956D46DE8}") = "ORD_SettingView_UnitSetting_Popup", "ORD_SettingView_UnitSetting_Popup", "{06030AA5-1485-4AAF-B222-3E0387F8AF32}"
EndProject
Project("{FAE04EC0-301F-11D3-BF4B-00C04F79EFBC}") = "ORD_SettingView_UnitSetting_GradeAdd", "ORD_SettingView_UnitSetting_GradeAdd\ORD_SettingView_UnitSetting_GradeAdd.csproj", "{E0FD8671-0A9D-466A-A0DE-5DD89E85FD70}"
EndProject
Project("{FAE04EC0-301F-11D3-BF4B-00C04F79EFBC}") = "ORD_SettingView_UnitSetting_UnitAdd", "ORD_SettingView_UnitSetting_UnitAdd\ORD_SettingView_UnitSetting_UnitAdd.csproj", "{70423002-A298-447C-A676-C25C4F6B2412}"
EndProject
Project("{2150E333-8FDC-42A3-9474-1A3956D46DE8}") = "ORD_SettingView_UnitSetting_UnitAdd_Popup", "ORD_SettingView_UnitSetting_UnitAdd_Popup", "{129DE0BA-600F-4380-A01A-9F32E28C9646}"
EndProject
Project("{FAE04EC0-301F-11D3-BF4B-00C04F79EFBC}") = "ORD_SettingView_UnitSetting_UnitAdd_MixAdd", "ORD_SettingView_UnitSetting_UnitAdd_MixAdd\ORD_SettingView_UnitSetting_UnitAdd_MixAdd.csproj", "{F5F3A894-E007-49F6-B01A-D474BDBA9749}"
EndProject
Project("{FAE04EC0-301F-11D3-BF4B-00C04F79EFBC}") = "ORD_SettingView_UnitSetting_UnitAdd_UnitIndex", "ORD_SettingView_UnitSetting_UnitAdd_UnitIndex\ORD_SettingView_UnitSetting_UnitAdd_UnitIndex.csproj", "{F3E9891F-785C-4BBF-898F-6BCDC7F6AC5C}"
EndProject
Project("{FAE04EC0-301F-11D3-BF4B-00C04F79EFBC}") = "ORD_SettingView_ResourcesAddressSetting", "ORD_SettingView_ResourcesAddress\ORD_SettingView_ResourcesAddressSetting.csproj", "{F7F762EE-93AD-4D09-8707-2B8CD62323E2}"
EndProject
Project("{FAE04EC0-301F-11D3-BF4B-00C04F79EFBC}") = "ORD_SettingView_GameStateAddressSetting", "ORD_SettingView_GameStateAddressSetting\ORD_SettingView_GameStateAddressSetting.csproj", "{5C5A14AB-F98F-49E5-B1D2-269617340B3F}"
EndProject
Project("{FAE04EC0-301F-11D3-BF4B-00C04F79EFBC}") = "ORD_SettingView_ProcessSetting", "ORD_SettingView_ProcessSetting\ORD_SettingView_ProcessSetting.csproj", "{B2DA1782-F811-43EF-B453-AEB930FA771A}"
EndProject
Project("{FAE04EC0-301F-11D3-BF4B-00C04F79EFBC}") = "ORD_SettingView_VersionSetting", "ORD_SettingView_VersionSetting\ORD_SettingView_VersionSetting.csproj", "{83AAE800-C14A-40A7-AA90-1F510EFD2FFD}"
EndProject
Project("{2150E333-8FDC-42A3-9474-1A3956D46DE8}") = "ORD_MainView_Control", "ORD_MainView_Control", "{51A7F0DC-CD4A-4B61-860D-DFE4F65BDF28}"
EndProject
Project("{FAE04EC0-301F-11D3-BF4B-00C04F79EFBC}") = "ORD_MainView_UnitInfo", "ORD_MainView_UnitInfo\ORD_MainView_UnitInfo.csproj", "{78419996-1ABF-43B1-BC8C-7ACA65D7A583}"
EndProject
Project("{FAE04EC0-301F-11D3-BF4B-00C04F79EFBC}") = "ORD_SettingView_UnitInfoUISetting", "ORD_SettingView_UISetting\ORD_SettingView_UnitInfoUISetting.csproj", "{374E3818-78E3-49BE-A42A-358933D8390D}"
EndProject
Project("{2150E333-8FDC-42A3-9474-1A3956D46DE8}") = "ORD_SettingView_UnitInfoUISetting_Popup", "ORD_SettingView_UnitInfoUISetting_Popup", "{39185500-A3EA-48B0-A7AF-03AA4A849AD7}"
EndProject
Project("{FAE04EC0-301F-11D3-BF4B-00C04F79EFBC}") = "ORD_SettingView_UnitInfoUISetting_GradeUI", "ORD_SettingView_UnitInfoUISetting_GradeUI\ORD_SettingView_UnitInfoUISetting_GradeUI.csproj", "{370C0F2F-1F4E-4421-944B-C389931B931E}"
EndProject
Project("{FAE04EC0-301F-11D3-BF4B-00C04F79EFBC}") = "ORD_MainView_MixInfo", "ORD_MainView_MixInfo\ORD_MainView_MixInfo.csproj", "{27F0D776-53A1-4B78-93F9-288BF00E6810}"
EndProject
Project("{FAE04EC0-301F-11D3-BF4B-00C04F79EFBC}") = "ORD_SettingView_SearchIndexSetting", "ORD_SettingView_SearchIndexSetting\ORD_SettingView_SearchIndexSetting.csproj", "{96F78732-F418-4102-BF24-3C14D3AC1573}"
EndProject
Project("{2150E333-8FDC-42A3-9474-1A3956D46DE8}") = "ORD_SettingView_SearchIndexSetting_Popup", "ORD_SettingView_SearchIndexSetting_Popup", "{9431E363-5A37-476A-9336-4EEA2CC79562}"
EndProject
Project("{FAE04EC0-301F-11D3-BF4B-00C04F79EFBC}") = "ORD_SettingView_SearchIndexSetting_IndexAddPopup", "ORD_SettingView_SearchIndexSetting_IndexAddPopup\ORD_SettingView_SearchIndexSetting_IndexAddPopup.csproj", "{38A407E6-40AB-4340-A9C2-DB87C2F32028}"
EndProject
Project("{FAE04EC0-301F-11D3-BF4B-00C04F79EFBC}") = "ORD_SettingView_WispSetting", "ORD_SettingView_WispSetting\ORD_SettingView_WispSetting.csproj", "{9F4315C1-333C-4605-8EA7-E5DC90E36694}"
EndProject
Global
	GlobalSection(SolutionConfigurationPlatforms) = preSolution
		Debug|Any CPU = Debug|Any CPU
		Debug|x64 = Debug|x64
		Debug|x86 = Debug|x86
		Release|Any CPU = Release|Any CPU
		Release|x64 = Release|x64
		Release|x86 = Release|x86
	EndGlobalSection
	GlobalSection(ProjectConfigurationPlatforms) = postSolution
		{17DEF6E5-32DC-4546-B2D9-FD65236E3E1B}.Debug|Any CPU.ActiveCfg = Debug|Any CPU
		{17DEF6E5-32DC-4546-B2D9-FD65236E3E1B}.Debug|Any CPU.Build.0 = Debug|Any CPU
		{17DEF6E5-32DC-4546-B2D9-FD65236E3E1B}.Debug|x64.ActiveCfg = Debug|Any CPU
		{17DEF6E5-32DC-4546-B2D9-FD65236E3E1B}.Debug|x64.Build.0 = Debug|Any CPU
		{17DEF6E5-32DC-4546-B2D9-FD65236E3E1B}.Debug|x86.ActiveCfg = Debug|Any CPU
		{17DEF6E5-32DC-4546-B2D9-FD65236E3E1B}.Debug|x86.Build.0 = Debug|Any CPU
		{17DEF6E5-32DC-4546-B2D9-FD65236E3E1B}.Release|Any CPU.ActiveCfg = Release|Any CPU
		{17DEF6E5-32DC-4546-B2D9-FD65236E3E1B}.Release|Any CPU.Build.0 = Release|Any CPU
		{17DEF6E5-32DC-4546-B2D9-FD65236E3E1B}.Release|x64.ActiveCfg = Release|Any CPU
		{17DEF6E5-32DC-4546-B2D9-FD65236E3E1B}.Release|x64.Build.0 = Release|Any CPU
		{17DEF6E5-32DC-4546-B2D9-FD65236E3E1B}.Release|x86.ActiveCfg = Release|Any CPU
		{17DEF6E5-32DC-4546-B2D9-FD65236E3E1B}.Release|x86.Build.0 = Release|Any CPU
		{55AD9128-E981-4DF8-BA7C-677872EFAF30}.Debug|Any CPU.ActiveCfg = Debug|Any CPU
		{55AD9128-E981-4DF8-BA7C-677872EFAF30}.Debug|Any CPU.Build.0 = Debug|Any CPU
		{55AD9128-E981-4DF8-BA7C-677872EFAF30}.Debug|x64.ActiveCfg = Debug|Any CPU
		{55AD9128-E981-4DF8-BA7C-677872EFAF30}.Debug|x64.Build.0 = Debug|Any CPU
		{55AD9128-E981-4DF8-BA7C-677872EFAF30}.Debug|x86.ActiveCfg = Debug|Any CPU
		{55AD9128-E981-4DF8-BA7C-677872EFAF30}.Debug|x86.Build.0 = Debug|Any CPU
		{55AD9128-E981-4DF8-BA7C-677872EFAF30}.Release|Any CPU.ActiveCfg = Release|Any CPU
		{55AD9128-E981-4DF8-BA7C-677872EFAF30}.Release|Any CPU.Build.0 = Release|Any CPU
		{55AD9128-E981-4DF8-BA7C-677872EFAF30}.Release|x64.ActiveCfg = Release|Any CPU
		{55AD9128-E981-4DF8-BA7C-677872EFAF30}.Release|x64.Build.0 = Release|Any CPU
		{55AD9128-E981-4DF8-BA7C-677872EFAF30}.Release|x86.ActiveCfg = Release|Any CPU
		{55AD9128-E981-4DF8-BA7C-677872EFAF30}.Release|x86.Build.0 = Release|Any CPU
		{8C45F36C-8837-49EB-B9B5-501EC4BC602C}.Debug|Any CPU.ActiveCfg = Debug|Any CPU
		{8C45F36C-8837-49EB-B9B5-501EC4BC602C}.Debug|Any CPU.Build.0 = Debug|Any CPU
		{8C45F36C-8837-49EB-B9B5-501EC4BC602C}.Debug|x64.ActiveCfg = Debug|Any CPU
		{8C45F36C-8837-49EB-B9B5-501EC4BC602C}.Debug|x64.Build.0 = Debug|Any CPU
		{8C45F36C-8837-49EB-B9B5-501EC4BC602C}.Debug|x86.ActiveCfg = Debug|Any CPU
		{8C45F36C-8837-49EB-B9B5-501EC4BC602C}.Debug|x86.Build.0 = Debug|Any CPU
		{8C45F36C-8837-49EB-B9B5-501EC4BC602C}.Release|Any CPU.ActiveCfg = Release|Any CPU
		{8C45F36C-8837-49EB-B9B5-501EC4BC602C}.Release|Any CPU.Build.0 = Release|Any CPU
		{8C45F36C-8837-49EB-B9B5-501EC4BC602C}.Release|x64.ActiveCfg = Release|Any CPU
		{8C45F36C-8837-49EB-B9B5-501EC4BC602C}.Release|x64.Build.0 = Release|Any CPU
		{8C45F36C-8837-49EB-B9B5-501EC4BC602C}.Release|x86.ActiveCfg = Release|Any CPU
		{8C45F36C-8837-49EB-B9B5-501EC4BC602C}.Release|x86.Build.0 = Release|Any CPU
		{1808F45B-D296-4C0C-A5B7-1C11A8C86E4A}.Debug|Any CPU.ActiveCfg = Debug|Any CPU
		{1808F45B-D296-4C0C-A5B7-1C11A8C86E4A}.Debug|Any CPU.Build.0 = Debug|Any CPU
		{1808F45B-D296-4C0C-A5B7-1C11A8C86E4A}.Debug|x64.ActiveCfg = Debug|Any CPU
		{1808F45B-D296-4C0C-A5B7-1C11A8C86E4A}.Debug|x64.Build.0 = Debug|Any CPU
		{1808F45B-D296-4C0C-A5B7-1C11A8C86E4A}.Debug|x86.ActiveCfg = Debug|Any CPU
		{1808F45B-D296-4C0C-A5B7-1C11A8C86E4A}.Debug|x86.Build.0 = Debug|Any CPU
		{1808F45B-D296-4C0C-A5B7-1C11A8C86E4A}.Release|Any CPU.ActiveCfg = Release|Any CPU
		{1808F45B-D296-4C0C-A5B7-1C11A8C86E4A}.Release|Any CPU.Build.0 = Release|Any CPU
		{1808F45B-D296-4C0C-A5B7-1C11A8C86E4A}.Release|x64.ActiveCfg = Release|Any CPU
		{1808F45B-D296-4C0C-A5B7-1C11A8C86E4A}.Release|x64.Build.0 = Release|Any CPU
		{1808F45B-D296-4C0C-A5B7-1C11A8C86E4A}.Release|x86.ActiveCfg = Release|Any CPU
		{1808F45B-D296-4C0C-A5B7-1C11A8C86E4A}.Release|x86.Build.0 = Release|Any CPU
		{C6C7B866-2F0D-432F-9FA5-11B7E7A67BD2}.Debug|Any CPU.ActiveCfg = Debug|Any CPU
		{C6C7B866-2F0D-432F-9FA5-11B7E7A67BD2}.Debug|Any CPU.Build.0 = Debug|Any CPU
		{C6C7B866-2F0D-432F-9FA5-11B7E7A67BD2}.Debug|x64.ActiveCfg = Debug|Any CPU
		{C6C7B866-2F0D-432F-9FA5-11B7E7A67BD2}.Debug|x64.Build.0 = Debug|Any CPU
		{C6C7B866-2F0D-432F-9FA5-11B7E7A67BD2}.Debug|x86.ActiveCfg = Debug|Any CPU
		{C6C7B866-2F0D-432F-9FA5-11B7E7A67BD2}.Debug|x86.Build.0 = Debug|Any CPU
		{C6C7B866-2F0D-432F-9FA5-11B7E7A67BD2}.Release|Any CPU.ActiveCfg = Release|Any CPU
		{C6C7B866-2F0D-432F-9FA5-11B7E7A67BD2}.Release|Any CPU.Build.0 = Release|Any CPU
		{C6C7B866-2F0D-432F-9FA5-11B7E7A67BD2}.Release|x64.ActiveCfg = Release|Any CPU
		{C6C7B866-2F0D-432F-9FA5-11B7E7A67BD2}.Release|x64.Build.0 = Release|Any CPU
		{C6C7B866-2F0D-432F-9FA5-11B7E7A67BD2}.Release|x86.ActiveCfg = Release|Any CPU
		{C6C7B866-2F0D-432F-9FA5-11B7E7A67BD2}.Release|x86.Build.0 = Release|Any CPU
		{B000D889-7F9C-4055-9951-41754B90A355}.Debug|Any CPU.ActiveCfg = Debug|Any CPU
		{B000D889-7F9C-4055-9951-41754B90A355}.Debug|Any CPU.Build.0 = Debug|Any CPU
		{B000D889-7F9C-4055-9951-41754B90A355}.Debug|x64.ActiveCfg = Debug|Any CPU
		{B000D889-7F9C-4055-9951-41754B90A355}.Debug|x64.Build.0 = Debug|Any CPU
		{B000D889-7F9C-4055-9951-41754B90A355}.Debug|x86.ActiveCfg = Debug|Any CPU
		{B000D889-7F9C-4055-9951-41754B90A355}.Debug|x86.Build.0 = Debug|Any CPU
		{B000D889-7F9C-4055-9951-41754B90A355}.Release|Any CPU.ActiveCfg = Release|Any CPU
		{B000D889-7F9C-4055-9951-41754B90A355}.Release|Any CPU.Build.0 = Release|Any CPU
		{B000D889-7F9C-4055-9951-41754B90A355}.Release|x64.ActiveCfg = Release|Any CPU
		{B000D889-7F9C-4055-9951-41754B90A355}.Release|x64.Build.0 = Release|Any CPU
		{B000D889-7F9C-4055-9951-41754B90A355}.Release|x86.ActiveCfg = Release|Any CPU
		{B000D889-7F9C-4055-9951-41754B90A355}.Release|x86.Build.0 = Release|Any CPU
		{C8B7C15C-1482-4F24-ACA8-8CF8A548FEB4}.Debug|Any CPU.ActiveCfg = Debug|Win32
		{C8B7C15C-1482-4F24-ACA8-8CF8A548FEB4}.Debug|Any CPU.Build.0 = Debug|Win32
		{C8B7C15C-1482-4F24-ACA8-8CF8A548FEB4}.Debug|x64.ActiveCfg = Debug|Win32
		{C8B7C15C-1482-4F24-ACA8-8CF8A548FEB4}.Debug|x64.Build.0 = Debug|Win32
		{C8B7C15C-1482-4F24-ACA8-8CF8A548FEB4}.Debug|x86.ActiveCfg = Debug|Win32
		{C8B7C15C-1482-4F24-ACA8-8CF8A548FEB4}.Debug|x86.Build.0 = Debug|Win32
		{C8B7C15C-1482-4F24-ACA8-8CF8A548FEB4}.Release|Any CPU.ActiveCfg = Release|Win32
		{C8B7C15C-1482-4F24-ACA8-8CF8A548FEB4}.Release|Any CPU.Build.0 = Release|Win32
		{C8B7C15C-1482-4F24-ACA8-8CF8A548FEB4}.Release|x64.ActiveCfg = Release|x64
		{C8B7C15C-1482-4F24-ACA8-8CF8A548FEB4}.Release|x64.Build.0 = Release|x64
		{C8B7C15C-1482-4F24-ACA8-8CF8A548FEB4}.Release|x86.ActiveCfg = Release|Win32
		{C8B7C15C-1482-4F24-ACA8-8CF8A548FEB4}.Release|x86.Build.0 = Release|Win32
		{E0FD8671-0A9D-466A-A0DE-5DD89E85FD70}.Debug|Any CPU.ActiveCfg = Debug|Any CPU
		{E0FD8671-0A9D-466A-A0DE-5DD89E85FD70}.Debug|Any CPU.Build.0 = Debug|Any CPU
		{E0FD8671-0A9D-466A-A0DE-5DD89E85FD70}.Debug|x64.ActiveCfg = Debug|Any CPU
		{E0FD8671-0A9D-466A-A0DE-5DD89E85FD70}.Debug|x64.Build.0 = Debug|Any CPU
		{E0FD8671-0A9D-466A-A0DE-5DD89E85FD70}.Debug|x86.ActiveCfg = Debug|Any CPU
		{E0FD8671-0A9D-466A-A0DE-5DD89E85FD70}.Debug|x86.Build.0 = Debug|Any CPU
		{E0FD8671-0A9D-466A-A0DE-5DD89E85FD70}.Release|Any CPU.ActiveCfg = Release|Any CPU
		{E0FD8671-0A9D-466A-A0DE-5DD89E85FD70}.Release|Any CPU.Build.0 = Release|Any CPU
		{E0FD8671-0A9D-466A-A0DE-5DD89E85FD70}.Release|x64.ActiveCfg = Release|Any CPU
		{E0FD8671-0A9D-466A-A0DE-5DD89E85FD70}.Release|x64.Build.0 = Release|Any CPU
		{E0FD8671-0A9D-466A-A0DE-5DD89E85FD70}.Release|x86.ActiveCfg = Release|Any CPU
		{E0FD8671-0A9D-466A-A0DE-5DD89E85FD70}.Release|x86.Build.0 = Release|Any CPU
		{70423002-A298-447C-A676-C25C4F6B2412}.Debug|Any CPU.ActiveCfg = Debug|Any CPU
		{70423002-A298-447C-A676-C25C4F6B2412}.Debug|Any CPU.Build.0 = Debug|Any CPU
		{70423002-A298-447C-A676-C25C4F6B2412}.Debug|x64.ActiveCfg = Debug|Any CPU
		{70423002-A298-447C-A676-C25C4F6B2412}.Debug|x64.Build.0 = Debug|Any CPU
		{70423002-A298-447C-A676-C25C4F6B2412}.Debug|x86.ActiveCfg = Debug|Any CPU
		{70423002-A298-447C-A676-C25C4F6B2412}.Debug|x86.Build.0 = Debug|Any CPU
		{70423002-A298-447C-A676-C25C4F6B2412}.Release|Any CPU.ActiveCfg = Release|Any CPU
		{70423002-A298-447C-A676-C25C4F6B2412}.Release|Any CPU.Build.0 = Release|Any CPU
		{70423002-A298-447C-A676-C25C4F6B2412}.Release|x64.ActiveCfg = Release|Any CPU
		{70423002-A298-447C-A676-C25C4F6B2412}.Release|x64.Build.0 = Release|Any CPU
		{70423002-A298-447C-A676-C25C4F6B2412}.Release|x86.ActiveCfg = Release|Any CPU
		{70423002-A298-447C-A676-C25C4F6B2412}.Release|x86.Build.0 = Release|Any CPU
		{F5F3A894-E007-49F6-B01A-D474BDBA9749}.Debug|Any CPU.ActiveCfg = Debug|Any CPU
		{F5F3A894-E007-49F6-B01A-D474BDBA9749}.Debug|Any CPU.Build.0 = Debug|Any CPU
		{F5F3A894-E007-49F6-B01A-D474BDBA9749}.Debug|x64.ActiveCfg = Debug|Any CPU
		{F5F3A894-E007-49F6-B01A-D474BDBA9749}.Debug|x64.Build.0 = Debug|Any CPU
		{F5F3A894-E007-49F6-B01A-D474BDBA9749}.Debug|x86.ActiveCfg = Debug|Any CPU
		{F5F3A894-E007-49F6-B01A-D474BDBA9749}.Debug|x86.Build.0 = Debug|Any CPU
		{F5F3A894-E007-49F6-B01A-D474BDBA9749}.Release|Any CPU.ActiveCfg = Release|Any CPU
		{F5F3A894-E007-49F6-B01A-D474BDBA9749}.Release|Any CPU.Build.0 = Release|Any CPU
		{F5F3A894-E007-49F6-B01A-D474BDBA9749}.Release|x64.ActiveCfg = Release|Any CPU
		{F5F3A894-E007-49F6-B01A-D474BDBA9749}.Release|x64.Build.0 = Release|Any CPU
		{F5F3A894-E007-49F6-B01A-D474BDBA9749}.Release|x86.ActiveCfg = Release|Any CPU
		{F5F3A894-E007-49F6-B01A-D474BDBA9749}.Release|x86.Build.0 = Release|Any CPU
		{F3E9891F-785C-4BBF-898F-6BCDC7F6AC5C}.Debug|Any CPU.ActiveCfg = Debug|Any CPU
		{F3E9891F-785C-4BBF-898F-6BCDC7F6AC5C}.Debug|Any CPU.Build.0 = Debug|Any CPU
		{F3E9891F-785C-4BBF-898F-6BCDC7F6AC5C}.Debug|x64.ActiveCfg = Debug|Any CPU
		{F3E9891F-785C-4BBF-898F-6BCDC7F6AC5C}.Debug|x64.Build.0 = Debug|Any CPU
		{F3E9891F-785C-4BBF-898F-6BCDC7F6AC5C}.Debug|x86.ActiveCfg = Debug|Any CPU
		{F3E9891F-785C-4BBF-898F-6BCDC7F6AC5C}.Debug|x86.Build.0 = Debug|Any CPU
		{F3E9891F-785C-4BBF-898F-6BCDC7F6AC5C}.Release|Any CPU.ActiveCfg = Release|Any CPU
		{F3E9891F-785C-4BBF-898F-6BCDC7F6AC5C}.Release|Any CPU.Build.0 = Release|Any CPU
		{F3E9891F-785C-4BBF-898F-6BCDC7F6AC5C}.Release|x64.ActiveCfg = Release|Any CPU
		{F3E9891F-785C-4BBF-898F-6BCDC7F6AC5C}.Release|x64.Build.0 = Release|Any CPU
		{F3E9891F-785C-4BBF-898F-6BCDC7F6AC5C}.Release|x86.ActiveCfg = Release|Any CPU
		{F3E9891F-785C-4BBF-898F-6BCDC7F6AC5C}.Release|x86.Build.0 = Release|Any CPU
		{F7F762EE-93AD-4D09-8707-2B8CD62323E2}.Debug|Any CPU.ActiveCfg = Debug|Any CPU
		{F7F762EE-93AD-4D09-8707-2B8CD62323E2}.Debug|Any CPU.Build.0 = Debug|Any CPU
		{F7F762EE-93AD-4D09-8707-2B8CD62323E2}.Debug|x64.ActiveCfg = Debug|Any CPU
		{F7F762EE-93AD-4D09-8707-2B8CD62323E2}.Debug|x64.Build.0 = Debug|Any CPU
		{F7F762EE-93AD-4D09-8707-2B8CD62323E2}.Debug|x86.ActiveCfg = Debug|Any CPU
		{F7F762EE-93AD-4D09-8707-2B8CD62323E2}.Debug|x86.Build.0 = Debug|Any CPU
		{F7F762EE-93AD-4D09-8707-2B8CD62323E2}.Release|Any CPU.ActiveCfg = Release|Any CPU
		{F7F762EE-93AD-4D09-8707-2B8CD62323E2}.Release|Any CPU.Build.0 = Release|Any CPU
		{F7F762EE-93AD-4D09-8707-2B8CD62323E2}.Release|x64.ActiveCfg = Release|Any CPU
		{F7F762EE-93AD-4D09-8707-2B8CD62323E2}.Release|x64.Build.0 = Release|Any CPU
		{F7F762EE-93AD-4D09-8707-2B8CD62323E2}.Release|x86.ActiveCfg = Release|Any CPU
		{F7F762EE-93AD-4D09-8707-2B8CD62323E2}.Release|x86.Build.0 = Release|Any CPU
		{5C5A14AB-F98F-49E5-B1D2-269617340B3F}.Debug|Any CPU.ActiveCfg = Debug|Any CPU
		{5C5A14AB-F98F-49E5-B1D2-269617340B3F}.Debug|Any CPU.Build.0 = Debug|Any CPU
		{5C5A14AB-F98F-49E5-B1D2-269617340B3F}.Debug|x64.ActiveCfg = Debug|Any CPU
		{5C5A14AB-F98F-49E5-B1D2-269617340B3F}.Debug|x64.Build.0 = Debug|Any CPU
		{5C5A14AB-F98F-49E5-B1D2-269617340B3F}.Debug|x86.ActiveCfg = Debug|Any CPU
		{5C5A14AB-F98F-49E5-B1D2-269617340B3F}.Debug|x86.Build.0 = Debug|Any CPU
		{5C5A14AB-F98F-49E5-B1D2-269617340B3F}.Release|Any CPU.ActiveCfg = Release|Any CPU
		{5C5A14AB-F98F-49E5-B1D2-269617340B3F}.Release|Any CPU.Build.0 = Release|Any CPU
		{5C5A14AB-F98F-49E5-B1D2-269617340B3F}.Release|x64.ActiveCfg = Release|Any CPU
		{5C5A14AB-F98F-49E5-B1D2-269617340B3F}.Release|x64.Build.0 = Release|Any CPU
		{5C5A14AB-F98F-49E5-B1D2-269617340B3F}.Release|x86.ActiveCfg = Release|Any CPU
		{5C5A14AB-F98F-49E5-B1D2-269617340B3F}.Release|x86.Build.0 = Release|Any CPU
		{B2DA1782-F811-43EF-B453-AEB930FA771A}.Debug|Any CPU.ActiveCfg = Debug|Any CPU
		{B2DA1782-F811-43EF-B453-AEB930FA771A}.Debug|Any CPU.Build.0 = Debug|Any CPU
		{B2DA1782-F811-43EF-B453-AEB930FA771A}.Debug|x64.ActiveCfg = Debug|Any CPU
		{B2DA1782-F811-43EF-B453-AEB930FA771A}.Debug|x64.Build.0 = Debug|Any CPU
		{B2DA1782-F811-43EF-B453-AEB930FA771A}.Debug|x86.ActiveCfg = Debug|Any CPU
		{B2DA1782-F811-43EF-B453-AEB930FA771A}.Debug|x86.Build.0 = Debug|Any CPU
		{B2DA1782-F811-43EF-B453-AEB930FA771A}.Release|Any CPU.ActiveCfg = Release|Any CPU
		{B2DA1782-F811-43EF-B453-AEB930FA771A}.Release|Any CPU.Build.0 = Release|Any CPU
		{B2DA1782-F811-43EF-B453-AEB930FA771A}.Release|x64.ActiveCfg = Release|Any CPU
		{B2DA1782-F811-43EF-B453-AEB930FA771A}.Release|x64.Build.0 = Release|Any CPU
		{B2DA1782-F811-43EF-B453-AEB930FA771A}.Release|x86.ActiveCfg = Release|Any CPU
		{B2DA1782-F811-43EF-B453-AEB930FA771A}.Release|x86.Build.0 = Release|Any CPU
		{83AAE800-C14A-40A7-AA90-1F510EFD2FFD}.Debug|Any CPU.ActiveCfg = Debug|Any CPU
		{83AAE800-C14A-40A7-AA90-1F510EFD2FFD}.Debug|Any CPU.Build.0 = Debug|Any CPU
		{83AAE800-C14A-40A7-AA90-1F510EFD2FFD}.Debug|x64.ActiveCfg = Debug|Any CPU
		{83AAE800-C14A-40A7-AA90-1F510EFD2FFD}.Debug|x64.Build.0 = Debug|Any CPU
		{83AAE800-C14A-40A7-AA90-1F510EFD2FFD}.Debug|x86.ActiveCfg = Debug|Any CPU
		{83AAE800-C14A-40A7-AA90-1F510EFD2FFD}.Debug|x86.Build.0 = Debug|Any CPU
		{83AAE800-C14A-40A7-AA90-1F510EFD2FFD}.Release|Any CPU.ActiveCfg = Release|Any CPU
		{83AAE800-C14A-40A7-AA90-1F510EFD2FFD}.Release|Any CPU.Build.0 = Release|Any CPU
		{83AAE800-C14A-40A7-AA90-1F510EFD2FFD}.Release|x64.ActiveCfg = Release|Any CPU
		{83AAE800-C14A-40A7-AA90-1F510EFD2FFD}.Release|x64.Build.0 = Release|Any CPU
		{83AAE800-C14A-40A7-AA90-1F510EFD2FFD}.Release|x86.ActiveCfg = Release|Any CPU
		{83AAE800-C14A-40A7-AA90-1F510EFD2FFD}.Release|x86.Build.0 = Release|Any CPU
		{78419996-1ABF-43B1-BC8C-7ACA65D7A583}.Debug|Any CPU.ActiveCfg = Debug|Any CPU
		{78419996-1ABF-43B1-BC8C-7ACA65D7A583}.Debug|Any CPU.Build.0 = Debug|Any CPU
		{78419996-1ABF-43B1-BC8C-7ACA65D7A583}.Debug|x64.ActiveCfg = Debug|Any CPU
		{78419996-1ABF-43B1-BC8C-7ACA65D7A583}.Debug|x64.Build.0 = Debug|Any CPU
		{78419996-1ABF-43B1-BC8C-7ACA65D7A583}.Debug|x86.ActiveCfg = Debug|Any CPU
		{78419996-1ABF-43B1-BC8C-7ACA65D7A583}.Debug|x86.Build.0 = Debug|Any CPU
		{78419996-1ABF-43B1-BC8C-7ACA65D7A583}.Release|Any CPU.ActiveCfg = Release|Any CPU
		{78419996-1ABF-43B1-BC8C-7ACA65D7A583}.Release|Any CPU.Build.0 = Release|Any CPU
		{78419996-1ABF-43B1-BC8C-7ACA65D7A583}.Release|x64.ActiveCfg = Release|Any CPU
		{78419996-1ABF-43B1-BC8C-7ACA65D7A583}.Release|x64.Build.0 = Release|Any CPU
		{78419996-1ABF-43B1-BC8C-7ACA65D7A583}.Release|x86.ActiveCfg = Release|Any CPU
		{78419996-1ABF-43B1-BC8C-7ACA65D7A583}.Release|x86.Build.0 = Release|Any CPU
		{374E3818-78E3-49BE-A42A-358933D8390D}.Debug|Any CPU.ActiveCfg = Debug|Any CPU
		{374E3818-78E3-49BE-A42A-358933D8390D}.Debug|Any CPU.Build.0 = Debug|Any CPU
		{374E3818-78E3-49BE-A42A-358933D8390D}.Debug|x64.ActiveCfg = Debug|Any CPU
		{374E3818-78E3-49BE-A42A-358933D8390D}.Debug|x64.Build.0 = Debug|Any CPU
		{374E3818-78E3-49BE-A42A-358933D8390D}.Debug|x86.ActiveCfg = Debug|Any CPU
		{374E3818-78E3-49BE-A42A-358933D8390D}.Debug|x86.Build.0 = Debug|Any CPU
		{374E3818-78E3-49BE-A42A-358933D8390D}.Release|Any CPU.ActiveCfg = Release|Any CPU
		{374E3818-78E3-49BE-A42A-358933D8390D}.Release|Any CPU.Build.0 = Release|Any CPU
		{374E3818-78E3-49BE-A42A-358933D8390D}.Release|x64.ActiveCfg = Release|Any CPU
		{374E3818-78E3-49BE-A42A-358933D8390D}.Release|x64.Build.0 = Release|Any CPU
		{374E3818-78E3-49BE-A42A-358933D8390D}.Release|x86.ActiveCfg = Release|Any CPU
		{374E3818-78E3-49BE-A42A-358933D8390D}.Release|x86.Build.0 = Release|Any CPU
		{370C0F2F-1F4E-4421-944B-C389931B931E}.Debug|Any CPU.ActiveCfg = Debug|Any CPU
		{370C0F2F-1F4E-4421-944B-C389931B931E}.Debug|Any CPU.Build.0 = Debug|Any CPU
		{370C0F2F-1F4E-4421-944B-C389931B931E}.Debug|x64.ActiveCfg = Debug|Any CPU
		{370C0F2F-1F4E-4421-944B-C389931B931E}.Debug|x64.Build.0 = Debug|Any CPU
		{370C0F2F-1F4E-4421-944B-C389931B931E}.Debug|x86.ActiveCfg = Debug|Any CPU
		{370C0F2F-1F4E-4421-944B-C389931B931E}.Debug|x86.Build.0 = Debug|Any CPU
		{370C0F2F-1F4E-4421-944B-C389931B931E}.Release|Any CPU.ActiveCfg = Release|Any CPU
		{370C0F2F-1F4E-4421-944B-C389931B931E}.Release|Any CPU.Build.0 = Release|Any CPU
		{370C0F2F-1F4E-4421-944B-C389931B931E}.Release|x64.ActiveCfg = Release|Any CPU
		{370C0F2F-1F4E-4421-944B-C389931B931E}.Release|x64.Build.0 = Release|Any CPU
		{370C0F2F-1F4E-4421-944B-C389931B931E}.Release|x86.ActiveCfg = Release|Any CPU
		{370C0F2F-1F4E-4421-944B-C389931B931E}.Release|x86.Build.0 = Release|Any CPU
		{27F0D776-53A1-4B78-93F9-288BF00E6810}.Debug|Any CPU.ActiveCfg = Debug|Any CPU
		{27F0D776-53A1-4B78-93F9-288BF00E6810}.Debug|Any CPU.Build.0 = Debug|Any CPU
		{27F0D776-53A1-4B78-93F9-288BF00E6810}.Debug|x64.ActiveCfg = Debug|Any CPU
		{27F0D776-53A1-4B78-93F9-288BF00E6810}.Debug|x64.Build.0 = Debug|Any CPU
		{27F0D776-53A1-4B78-93F9-288BF00E6810}.Debug|x86.ActiveCfg = Debug|Any CPU
		{27F0D776-53A1-4B78-93F9-288BF00E6810}.Debug|x86.Build.0 = Debug|Any CPU
		{27F0D776-53A1-4B78-93F9-288BF00E6810}.Release|Any CPU.ActiveCfg = Release|Any CPU
		{27F0D776-53A1-4B78-93F9-288BF00E6810}.Release|Any CPU.Build.0 = Release|Any CPU
		{27F0D776-53A1-4B78-93F9-288BF00E6810}.Release|x64.ActiveCfg = Release|Any CPU
		{27F0D776-53A1-4B78-93F9-288BF00E6810}.Release|x64.Build.0 = Release|Any CPU
		{27F0D776-53A1-4B78-93F9-288BF00E6810}.Release|x86.ActiveCfg = Release|Any CPU
		{27F0D776-53A1-4B78-93F9-288BF00E6810}.Release|x86.Build.0 = Release|Any CPU
		{96F78732-F418-4102-BF24-3C14D3AC1573}.Debug|Any CPU.ActiveCfg = Debug|Any CPU
		{96F78732-F418-4102-BF24-3C14D3AC1573}.Debug|Any CPU.Build.0 = Debug|Any CPU
		{96F78732-F418-4102-BF24-3C14D3AC1573}.Debug|x64.ActiveCfg = Debug|Any CPU
		{96F78732-F418-4102-BF24-3C14D3AC1573}.Debug|x64.Build.0 = Debug|Any CPU
		{96F78732-F418-4102-BF24-3C14D3AC1573}.Debug|x86.ActiveCfg = Debug|Any CPU
		{96F78732-F418-4102-BF24-3C14D3AC1573}.Debug|x86.Build.0 = Debug|Any CPU
		{96F78732-F418-4102-BF24-3C14D3AC1573}.Release|Any CPU.ActiveCfg = Release|Any CPU
		{96F78732-F418-4102-BF24-3C14D3AC1573}.Release|Any CPU.Build.0 = Release|Any CPU
		{96F78732-F418-4102-BF24-3C14D3AC1573}.Release|x64.ActiveCfg = Release|Any CPU
		{96F78732-F418-4102-BF24-3C14D3AC1573}.Release|x64.Build.0 = Release|Any CPU
		{96F78732-F418-4102-BF24-3C14D3AC1573}.Release|x86.ActiveCfg = Release|Any CPU
		{96F78732-F418-4102-BF24-3C14D3AC1573}.Release|x86.Build.0 = Release|Any CPU
		{38A407E6-40AB-4340-A9C2-DB87C2F32028}.Debug|Any CPU.ActiveCfg = Debug|Any CPU
		{38A407E6-40AB-4340-A9C2-DB87C2F32028}.Debug|Any CPU.Build.0 = Debug|Any CPU
		{38A407E6-40AB-4340-A9C2-DB87C2F32028}.Debug|x64.ActiveCfg = Debug|Any CPU
		{38A407E6-40AB-4340-A9C2-DB87C2F32028}.Debug|x64.Build.0 = Debug|Any CPU
		{38A407E6-40AB-4340-A9C2-DB87C2F32028}.Debug|x86.ActiveCfg = Debug|Any CPU
		{38A407E6-40AB-4340-A9C2-DB87C2F32028}.Debug|x86.Build.0 = Debug|Any CPU
		{38A407E6-40AB-4340-A9C2-DB87C2F32028}.Release|Any CPU.ActiveCfg = Release|Any CPU
		{38A407E6-40AB-4340-A9C2-DB87C2F32028}.Release|Any CPU.Build.0 = Release|Any CPU
		{38A407E6-40AB-4340-A9C2-DB87C2F32028}.Release|x64.ActiveCfg = Release|Any CPU
		{38A407E6-40AB-4340-A9C2-DB87C2F32028}.Release|x64.Build.0 = Release|Any CPU
		{38A407E6-40AB-4340-A9C2-DB87C2F32028}.Release|x86.ActiveCfg = Release|Any CPU
		{38A407E6-40AB-4340-A9C2-DB87C2F32028}.Release|x86.Build.0 = Release|Any CPU
		{9F4315C1-333C-4605-8EA7-E5DC90E36694}.Debug|Any CPU.ActiveCfg = Debug|Any CPU
		{9F4315C1-333C-4605-8EA7-E5DC90E36694}.Debug|Any CPU.Build.0 = Debug|Any CPU
		{9F4315C1-333C-4605-8EA7-E5DC90E36694}.Debug|x64.ActiveCfg = Debug|Any CPU
		{9F4315C1-333C-4605-8EA7-E5DC90E36694}.Debug|x64.Build.0 = Debug|Any CPU
		{9F4315C1-333C-4605-8EA7-E5DC90E36694}.Debug|x86.ActiveCfg = Debug|Any CPU
		{9F4315C1-333C-4605-8EA7-E5DC90E36694}.Debug|x86.Build.0 = Debug|Any CPU
		{9F4315C1-333C-4605-8EA7-E5DC90E36694}.Release|Any CPU.ActiveCfg = Release|Any CPU
		{9F4315C1-333C-4605-8EA7-E5DC90E36694}.Release|Any CPU.Build.0 = Release|Any CPU
		{9F4315C1-333C-4605-8EA7-E5DC90E36694}.Release|x64.ActiveCfg = Release|Any CPU
		{9F4315C1-333C-4605-8EA7-E5DC90E36694}.Release|x64.Build.0 = Release|Any CPU
		{9F4315C1-333C-4605-8EA7-E5DC90E36694}.Release|x86.ActiveCfg = Release|Any CPU
		{9F4315C1-333C-4605-8EA7-E5DC90E36694}.Release|x86.Build.0 = Release|Any CPU
	EndGlobalSection
	GlobalSection(SolutionProperties) = preSolution
		HideSolutionNode = FALSE
	EndGlobalSection
	GlobalSection(NestedProjects) = preSolution
		{17DEF6E5-32DC-4546-B2D9-FD65236E3E1B} = {68D74B50-42BB-45B9-927A-EC6CC779B1A9}
		{55AD9128-E981-4DF8-BA7C-677872EFAF30} = {C2FA0C9D-A1A8-43B3-A3FE-0BE67E104EDC}
		{8C45F36C-8837-49EB-B9B5-501EC4BC602C} = {C2FA0C9D-A1A8-43B3-A3FE-0BE67E104EDC}
		{1808F45B-D296-4C0C-A5B7-1C11A8C86E4A} = {7FDAEF01-4D9F-46BA-AB5E-529FB35582D9}
		{C2FA0C9D-A1A8-43B3-A3FE-0BE67E104EDC} = {68D74B50-42BB-45B9-927A-EC6CC779B1A9}
		{7FDAEF01-4D9F-46BA-AB5E-529FB35582D9} = {C2FA0C9D-A1A8-43B3-A3FE-0BE67E104EDC}
		{C6C7B866-2F0D-432F-9FA5-11B7E7A67BD2} = {7FDAEF01-4D9F-46BA-AB5E-529FB35582D9}
		{B000D889-7F9C-4055-9951-41754B90A355} = {7FDAEF01-4D9F-46BA-AB5E-529FB35582D9}
		{C8B7C15C-1482-4F24-ACA8-8CF8A548FEB4} = {68D74B50-42BB-45B9-927A-EC6CC779B1A9}
		{06030AA5-1485-4AAF-B222-3E0387F8AF32} = {7FDAEF01-4D9F-46BA-AB5E-529FB35582D9}
		{E0FD8671-0A9D-466A-A0DE-5DD89E85FD70} = {06030AA5-1485-4AAF-B222-3E0387F8AF32}
		{70423002-A298-447C-A676-C25C4F6B2412} = {06030AA5-1485-4AAF-B222-3E0387F8AF32}
		{129DE0BA-600F-4380-A01A-9F32E28C9646} = {06030AA5-1485-4AAF-B222-3E0387F8AF32}
		{F5F3A894-E007-49F6-B01A-D474BDBA9749} = {129DE0BA-600F-4380-A01A-9F32E28C9646}
		{F3E9891F-785C-4BBF-898F-6BCDC7F6AC5C} = {129DE0BA-600F-4380-A01A-9F32E28C9646}
		{F7F762EE-93AD-4D09-8707-2B8CD62323E2} = {7FDAEF01-4D9F-46BA-AB5E-529FB35582D9}
		{5C5A14AB-F98F-49E5-B1D2-269617340B3F} = {7FDAEF01-4D9F-46BA-AB5E-529FB35582D9}
		{B2DA1782-F811-43EF-B453-AEB930FA771A} = {7FDAEF01-4D9F-46BA-AB5E-529FB35582D9}
		{83AAE800-C14A-40A7-AA90-1F510EFD2FFD} = {7FDAEF01-4D9F-46BA-AB5E-529FB35582D9}
		{51A7F0DC-CD4A-4B61-860D-DFE4F65BDF28} = {C2FA0C9D-A1A8-43B3-A3FE-0BE67E104EDC}
		{78419996-1ABF-43B1-BC8C-7ACA65D7A583} = {51A7F0DC-CD4A-4B61-860D-DFE4F65BDF28}
		{374E3818-78E3-49BE-A42A-358933D8390D} = {7FDAEF01-4D9F-46BA-AB5E-529FB35582D9}
		{39185500-A3EA-48B0-A7AF-03AA4A849AD7} = {7FDAEF01-4D9F-46BA-AB5E-529FB35582D9}
		{370C0F2F-1F4E-4421-944B-C389931B931E} = {39185500-A3EA-48B0-A7AF-03AA4A849AD7}
		{27F0D776-53A1-4B78-93F9-288BF00E6810} = {51A7F0DC-CD4A-4B61-860D-DFE4F65BDF28}
		{96F78732-F418-4102-BF24-3C14D3AC1573} = {7FDAEF01-4D9F-46BA-AB5E-529FB35582D9}
		{9431E363-5A37-476A-9336-4EEA2CC79562} = {7FDAEF01-4D9F-46BA-AB5E-529FB35582D9}
		{38A407E6-40AB-4340-A9C2-DB87C2F32028} = {9431E363-5A37-476A-9336-4EEA2CC79562}
		{9F4315C1-333C-4605-8EA7-E5DC90E36694} = {7FDAEF01-4D9F-46BA-AB5E-529FB35582D9}
	EndGlobalSection
	GlobalSection(ExtensibilityGlobals) = postSolution
		SolutionGuid = {FA0D9316-73C9-4D02-B6C0-BD078A9516BE}
	EndGlobalSection
EndGlobal
