<?xml version="1.0" encoding="utf-8"?>
<Project ToolsVersion="4.0" xmlns="http://schemas.microsoft.com/developer/msbuild/2003">
  <ItemGroup>
    <Filter Include="소스 파일">
      <UniqueIdentifier>{4FC737F1-C7A5-4376-A066-2A32D752A2FF}</UniqueIdentifier>
      <Extensions>cpp;c;cc;cxx;def;odl;idl;hpj;bat;asm;asmx</Extensions>
    </Filter>
    <Filter Include="헤더 파일">
      <UniqueIdentifier>{93995380-89BD-4b04-88EB-625FBE52EBFB}</UniqueIdentifier>
      <Extensions>h;hh;hpp;hxx;hm;inl;inc;ipp;xsd</Extensions>
    </Filter>
    <Filter Include="리소스 파일">
      <UniqueIdentifier>{67DA6AB6-F800-4c08-8B7A-83BB121AAD01}</UniqueIdentifier>
      <Extensions>rc;ico;cur;bmp;dlg;rc2;rct;bin;rgs;gif;jpg;jpeg;jpe;resx;tiff;tif;png;wav;mfcribbon-ms</Extensions>
    </Filter>
    <Filter Include="소스 파일\Unit">
      <UniqueIdentifier>{089d6a80-aa61-4884-a81d-0c1ef4698898}</UniqueIdentifier>
    </Filter>
    <Filter Include="헤더 파일\Unit">
      <UniqueIdentifier>{32eee7d3-b91d-4551-b0e0-b987499333fb}</UniqueIdentifier>
    </Filter>
  </ItemGroup>
  <ItemGroup>
    <ClInclude Include="Resource.h">
      <Filter>헤더 파일</Filter>
    </ClInclude>
    <ClInclude Include="pch.h">
      <Filter>헤더 파일</Filter>
    </ClInclude>
    <ClInclude Include="GameState.h">
      <Filter>헤더 파일</Filter>
    </ClInclude>
    <ClInclude Include="Unit.h">
      <Filter>헤더 파일\Unit</Filter>
    </ClInclude>
    <ClInclude Include="Grade.h">
      <Filter>헤더 파일\Unit</Filter>
    </ClInclude>
    <ClInclude Include="Error.h">
      <Filter>헤더 파일</Filter>
    </ClInclude>
    <ClInclude Include="UnitHandler.h">
      <Filter>헤더 파일\Unit</Filter>
    </ClInclude>
    <ClInclude Include="UnitMix.h">
      <Filter>헤더 파일\Unit</Filter>
    </ClInclude>
    <ClInclude Include="ProcessInfo.h">
      <Filter>헤더 파일</Filter>
    </ClInclude>
    <ClInclude Include="AddressInfo.h">
      <Filter>헤더 파일</Filter>
    </ClInclude>
    <ClInclude Include="Resources.h">
      <Filter>헤더 파일</Filter>
    </ClInclude>
    <ClInclude Include="Version.h">
      <Filter>헤더 파일</Filter>
    </ClInclude>
  </ItemGroup>
  <ItemGroup>
    <ClCompile Include="AssemblyInfo.cpp">
      <Filter>소스 파일</Filter>
    </ClCompile>
    <ClCompile Include="pch.cpp">
      <Filter>소스 파일</Filter>
    </ClCompile>
    <ClCompile Include="GameState.cpp">
      <Filter>소스 파일</Filter>
    </ClCompile>
    <ClCompile Include="Error.cpp">
      <Filter>소스 파일</Filter>
    </ClCompile>
    <ClCompile Include="Unit.cpp">
      <Filter>소스 파일\Unit</Filter>
    </ClCompile>
    <ClCompile Include="Grade.cpp">
      <Filter>소스 파일\Unit</Filter>
    </ClCompile>
    <ClCompile Include="UnitHandler.cpp">
      <Filter>소스 파일\Unit</Filter>
    </ClCompile>
    <ClCompile Include="UnitMix.cpp">
      <Filter>소스 파일\Unit</Filter>
    </ClCompile>
    <ClCompile Include="ProcessInfo.cpp">
      <Filter>소스 파일</Filter>
    </ClCompile>
    <ClCompile Include="AddressInfo.cpp">
      <Filter>소스 파일</Filter>
    </ClCompile>
    <ClCompile Include="Resources.cpp">
      <Filter>소스 파일</Filter>
    </ClCompile>
    <ClCompile Include="Version.cpp">
      <Filter>소스 파일</Filter>
    </ClCompile>
  </ItemGroup>
  <ItemGroup>
    <ResourceCompile Include="app.rc">
      <Filter>리소스 파일</Filter>
    </ResourceCompile>
  </ItemGroup>
  <ItemGroup>
    <Image Include="app.ico">
      <Filter>리소스 파일</Filter>
    </Image>
  </ItemGroup>
</Project>